
Microsoft Visual Studio Solution File, Format Version 12.00
# Visual Studio Version 17
VisualStudioVersion = 17.11.35208.52
MinimumVisualStudioVersion = 10.0.40219.1
Project("{9A19103F-16F7-4668-BE54-9A1E7A4F7556}") = "Desafio-DevWebCloudAWSPractitioner", "Desafio-DevWebCloudAWSPractitioner\Desafio-DevWebCloudAWSPractitioner.csproj", "{EC5E80C8-CFEA-4F0C-9EA0-538D5944FB54}"
EndProject
Project("{FAE04EC0-301F-11D3-BF4B-00C04F79EFBC}") = "Desafio-DevWebCloudAWSPractitioner-Tests", "Desafio-DevWebCloudAWSPractitioner-Tests\Desafio-DevWebCloudAWSPractitioner-Tests.csproj", "{95FF0C08-5F3C-4F43-B016-952E4C1AF339}"
EndProject
Global
	GlobalSection(SolutionConfigurationPlatforms) = preSolution
		Debug|Any CPU = Debug|Any CPU
		Release|Any CPU = Release|Any CPU
	EndGlobalSection
	GlobalSection(ProjectConfigurationPlatforms) = postSolution
		{EC5E80C8-CFEA-4F0C-9EA0-538D5944FB54}.Debug|Any CPU.ActiveCfg = Debug|Any CPU
		{EC5E80C8-CFEA-4F0C-9EA0-538D5944FB54}.Debug|Any CPU.Build.0 = Debug|Any CPU
		{EC5E80C8-CFEA-4F0C-9EA0-538D5944FB54}.Release|Any CPU.ActiveCfg = Release|Any CPU
		{EC5E80C8-CFEA-4F0C-9EA0-538D5944FB54}.Release|Any CPU.Build.0 = Release|Any CPU
		{95FF0C08-5F3C-4F43-B016-952E4C1AF339}.Debug|Any CPU.ActiveCfg = Debug|Any CPU
		{95FF0C08-5F3C-4F43-B016-952E4C1AF339}.Debug|Any CPU.Build.0 = Debug|Any CPU
		{95FF0C08-5F3C-4F43-B016-952E4C1AF339}.Release|Any CPU.ActiveCfg = Release|Any CPU
		{95FF0C08-5F3C-4F43-B016-952E4C1AF339}.Release|Any CPU.Build.0 = Release|Any CPU
	EndGlobalSection
	GlobalSection(SolutionProperties) = preSolution
		HideSolutionNode = FALSE
	EndGlobalSection
	GlobalSection(ExtensibilityGlobals) = postSolution
		SolutionGuid = {55652D2E-BE88-45F7-AE7D-16B5A63BE38F}
	EndGlobalSection
EndGlobal
